
Microsoft Visual Studio Solution File, Format Version 12.00
# Visual Studio 2012
Project("{FAE04EC0-301F-11D3-BF4B-00C04F79EFBC}") = "EtoProject", "EtoProject\EtoProject.csproj", "{79190117-D1B3-4EED-88DF-8AAD00FCE46C}"
EndProject
Global
	GlobalSection(SolutionConfigurationPlatforms) = preSolution
		Debug|x86 = Debug|x86
		Release|x86 = Release|x86
	EndGlobalSection
	GlobalSection(ProjectConfigurationPlatforms) = postSolution
		{79190117-D1B3-4EED-88DF-8AAD00FCE46C}.Debug|x86.ActiveCfg = Debug|x86
		{79190117-D1B3-4EED-88DF-8AAD00FCE46C}.Debug|x86.Build.0 = Debug|x86
		{79190117-D1B3-4EED-88DF-8AAD00FCE46C}.Release|x86.ActiveCfg = Release|x86
		{79190117-D1B3-4EED-88DF-8AAD00FCE46C}.Release|x86.Build.0 = Release|x86
	EndGlobalSection
EndGlobal
